
Microsoft Visual Studio Solution File, Format Version 12.00
# Visual Studio Version 17
VisualStudioVersion = 17.13.35825.156 d17.13
MinimumVisualStudioVersion = 10.0.40219.1
Project("{FAE04EC0-301F-11D3-BF4B-00C04F79EFBC}") = "RedisSharpIdentity", "RedisSharpIdentity\RedisSharpIdentity.csproj", "{79C549F1-C437-57CA-18E7-ECC3CBF400AE}"
EndProject
Project("{FAE04EC0-301F-11D3-BF4B-00C04F79EFBC}") = "Sample", "Sample\Sample.csproj", "{5A7F8005-C165-6259-8009-1115B9A95056}"
EndProject
Global
	GlobalSection(SolutionConfigurationPlatforms) = preSolution
		Debug|Any CPU = Debug|Any CPU
		Release|Any CPU = Release|Any CPU
	EndGlobalSection
	GlobalSection(ProjectConfigurationPlatforms) = postSolution
		{79C549F1-C437-57CA-18E7-ECC3CBF400AE}.Debug|Any CPU.ActiveCfg = Debug|Any CPU
		{79C549F1-C437-57CA-18E7-ECC3CBF400AE}.Debug|Any CPU.Build.0 = Debug|Any CPU
		{79C549F1-C437-57CA-18E7-ECC3CBF400AE}.Release|Any CPU.ActiveCfg = Release|Any CPU
		{79C549F1-C437-57CA-18E7-ECC3CBF400AE}.Release|Any CPU.Build.0 = Release|Any CPU
		{5A7F8005-C165-6259-8009-1115B9A95056}.Debug|Any CPU.ActiveCfg = Debug|Any CPU
		{5A7F8005-C165-6259-8009-1115B9A95056}.Debug|Any CPU.Build.0 = Debug|Any CPU
		{5A7F8005-C165-6259-8009-1115B9A95056}.Release|Any CPU.ActiveCfg = Release|Any CPU
		{5A7F8005-C165-6259-8009-1115B9A95056}.Release|Any CPU.Build.0 = Release|Any CPU
	EndGlobalSection
	GlobalSection(SolutionProperties) = preSolution
		HideSolutionNode = FALSE
	EndGlobalSection
	GlobalSection(ExtensibilityGlobals) = postSolution
		SolutionGuid = {6CACD9AA-2C88-467D-B3CC-0D46B6709539}
	EndGlobalSection
EndGlobal
